
Microsoft Visual Studio Solution File, Format Version 12.00
# Visual Studio Version 16
VisualStudioVersion = 16.0.31729.503
MinimumVisualStudioVersion = 10.0.40219.1
Project("{FAE04EC0-301F-11D3-BF4B-00C04F79EFBC}") = "Part02MapBDPreEexistente", "Part02MapBDPreEexistente\Part02MapBDPreEexistente.csproj", "{5D846AE8-6735-44A5-B9E5-C3EBD1F70CDA}"
EndProject
Global
	GlobalSection(SolutionConfigurationPlatforms) = preSolution
		Debug|Any CPU = Debug|Any CPU
		Release|Any CPU = Release|Any CPU
	EndGlobalSection
	GlobalSection(ProjectConfigurationPlatforms) = postSolution
		{5D846AE8-6735-44A5-B9E5-C3EBD1F70CDA}.Debug|Any CPU.ActiveCfg = Debug|Any CPU
		{5D846AE8-6735-44A5-B9E5-C3EBD1F70CDA}.Debug|Any CPU.Build.0 = Debug|Any CPU
		{5D846AE8-6735-44A5-B9E5-C3EBD1F70CDA}.Release|Any CPU.ActiveCfg = Release|Any CPU
		{5D846AE8-6735-44A5-B9E5-C3EBD1F70CDA}.Release|Any CPU.Build.0 = Release|Any CPU
	EndGlobalSection
	GlobalSection(SolutionProperties) = preSolution
		HideSolutionNode = FALSE
	EndGlobalSection
	GlobalSection(ExtensibilityGlobals) = postSolution
		SolutionGuid = {E6295EF5-59AA-44FD-A552-9108DA4D6EE2}
	EndGlobalSection
EndGlobal
